
Microsoft Visual Studio Solution File, Format Version 12.00
# Visual Studio Version 17
VisualStudioVersion = 17.8.34330.188
MinimumVisualStudioVersion = 10.0.40219.1
Project("{9A19103F-16F7-4668-BE54-9A1E7A4F7556}") = "EmailHelper", "EmailHelper\EmailHelper.csproj", "{B217F11F-83AE-4634-8490-2927C738E614}"
EndProject
Project("{2150E333-8FDC-42A3-9474-1A3956D46DE8}") = "src", "src", "{11E431A0-2857-408B-B8D1-A1CC34A79800}"
EndProject
Project("{2150E333-8FDC-42A3-9474-1A3956D46DE8}") = "test", "test", "{E4743A01-D007-4FF2-A2B9-DC17462FAD17}"
EndProject
Project("{FAE04EC0-301F-11D3-BF4B-00C04F79EFBC}") = "CommonLib.Test", "CommonLib.Test\CommonLib.Test.csproj", "{8E234212-D5EE-4627-A622-0FD84BDF9158}"
EndProject
Global
	GlobalSection(SolutionConfigurationPlatforms) = preSolution
		Debug|Any CPU = Debug|Any CPU
		Release|Any CPU = Release|Any CPU
	EndGlobalSection
	GlobalSection(ProjectConfigurationPlatforms) = postSolution
		{B217F11F-83AE-4634-8490-2927C738E614}.Debug|Any CPU.ActiveCfg = Debug|Any CPU
		{B217F11F-83AE-4634-8490-2927C738E614}.Debug|Any CPU.Build.0 = Debug|Any CPU
		{B217F11F-83AE-4634-8490-2927C738E614}.Release|Any CPU.ActiveCfg = Release|Any CPU
		{B217F11F-83AE-4634-8490-2927C738E614}.Release|Any CPU.Build.0 = Release|Any CPU
		{8E234212-D5EE-4627-A622-0FD84BDF9158}.Debug|Any CPU.ActiveCfg = Debug|Any CPU
		{8E234212-D5EE-4627-A622-0FD84BDF9158}.Debug|Any CPU.Build.0 = Debug|Any CPU
		{8E234212-D5EE-4627-A622-0FD84BDF9158}.Release|Any CPU.ActiveCfg = Release|Any CPU
		{8E234212-D5EE-4627-A622-0FD84BDF9158}.Release|Any CPU.Build.0 = Release|Any CPU
	EndGlobalSection
	GlobalSection(SolutionProperties) = preSolution
		HideSolutionNode = FALSE
	EndGlobalSection
	GlobalSection(NestedProjects) = preSolution
		{B217F11F-83AE-4634-8490-2927C738E614} = {11E431A0-2857-408B-B8D1-A1CC34A79800}
		{8E234212-D5EE-4627-A622-0FD84BDF9158} = {E4743A01-D007-4FF2-A2B9-DC17462FAD17}
	EndGlobalSection
	GlobalSection(ExtensibilityGlobals) = postSolution
		SolutionGuid = {9E7CF3FE-7119-4C5C-AC29-2862E6AB76EE}
	EndGlobalSection
EndGlobal
