
Microsoft Visual Studio Solution File, Format Version 12.00
# Visual Studio Version 17
VisualStudioVersion = 17.5.33627.172
MinimumVisualStudioVersion = 10.0.40219.1
Project("{FAE04EC0-301F-11D3-BF4B-00C04F79EFBC}") = "StudentManagerPro", "StudentManagerPro\StudentManagerPro.csproj", "{B63FFEE3-8C09-4038-966E-6B2FE3B89F1E}"
EndProject
Project("{FAE04EC0-301F-11D3-BF4B-00C04F79EFBC}") = "DAL", "DAL\DAL.csproj", "{AD45276E-8DBC-4878-8DD3-004DD2BFD522}"
EndProject
Project("{FAE04EC0-301F-11D3-BF4B-00C04F79EFBC}") = "Models", "Models\Models.csproj", "{2C910C94-AF9D-4B3F-9FF4-9F507DACD449}"
EndProject
Global
	GlobalSection(SolutionConfigurationPlatforms) = preSolution
		Debug|Any CPU = Debug|Any CPU
		Release|Any CPU = Release|Any CPU
	EndGlobalSection
	GlobalSection(ProjectConfigurationPlatforms) = postSolution
		{B63FFEE3-8C09-4038-966E-6B2FE3B89F1E}.Debug|Any CPU.ActiveCfg = Debug|Any CPU
		{B63FFEE3-8C09-4038-966E-6B2FE3B89F1E}.Debug|Any CPU.Build.0 = Debug|Any CPU
		{B63FFEE3-8C09-4038-966E-6B2FE3B89F1E}.Release|Any CPU.ActiveCfg = Release|Any CPU
		{B63FFEE3-8C09-4038-966E-6B2FE3B89F1E}.Release|Any CPU.Build.0 = Release|Any CPU
		{AD45276E-8DBC-4878-8DD3-004DD2BFD522}.Debug|Any CPU.ActiveCfg = Debug|Any CPU
		{AD45276E-8DBC-4878-8DD3-004DD2BFD522}.Debug|Any CPU.Build.0 = Debug|Any CPU
		{AD45276E-8DBC-4878-8DD3-004DD2BFD522}.Release|Any CPU.ActiveCfg = Release|Any CPU
		{AD45276E-8DBC-4878-8DD3-004DD2BFD522}.Release|Any CPU.Build.0 = Release|Any CPU
		{2C910C94-AF9D-4B3F-9FF4-9F507DACD449}.Debug|Any CPU.ActiveCfg = Debug|Any CPU
		{2C910C94-AF9D-4B3F-9FF4-9F507DACD449}.Debug|Any CPU.Build.0 = Debug|Any CPU
		{2C910C94-AF9D-4B3F-9FF4-9F507DACD449}.Release|Any CPU.ActiveCfg = Release|Any CPU
		{2C910C94-AF9D-4B3F-9FF4-9F507DACD449}.Release|Any CPU.Build.0 = Release|Any CPU
	EndGlobalSection
	GlobalSection(SolutionProperties) = preSolution
		HideSolutionNode = FALSE
	EndGlobalSection
	GlobalSection(ExtensibilityGlobals) = postSolution
		SolutionGuid = {B984A008-435C-463B-B0FF-B686FD22FA2C}
	EndGlobalSection
EndGlobal
