
Microsoft Visual Studio Solution File, Format Version 12.00
# Visual Studio Version 17
VisualStudioVersion = 17.8.34330.188
MinimumVisualStudioVersion = 10.0.40219.1
Project("{FAE04EC0-301F-11D3-BF4B-00C04F79EFBC}") = "WinFormsApp1", "WinFormsApp1\WinFormsApp1.csproj", "{C9C62DDD-4313-45D3-B9F7-E32C3D388596}"
EndProject
Global
	GlobalSection(SolutionConfigurationPlatforms) = preSolution
		Debug|Any CPU = Debug|Any CPU
		Release|Any CPU = Release|Any CPU
	EndGlobalSection
	GlobalSection(ProjectConfigurationPlatforms) = postSolution
		{C9C62DDD-4313-45D3-B9F7-E32C3D388596}.Debug|Any CPU.ActiveCfg = Debug|Any CPU
		{C9C62DDD-4313-45D3-B9F7-E32C3D388596}.Debug|Any CPU.Build.0 = Debug|Any CPU
		{C9C62DDD-4313-45D3-B9F7-E32C3D388596}.Release|Any CPU.ActiveCfg = Release|Any CPU
		{C9C62DDD-4313-45D3-B9F7-E32C3D388596}.Release|Any CPU.Build.0 = Release|Any CPU
	EndGlobalSection
	GlobalSection(SolutionProperties) = preSolution
		HideSolutionNode = FALSE
	EndGlobalSection
	GlobalSection(ExtensibilityGlobals) = postSolution
		SolutionGuid = {94FD325A-6DC8-4FDD-A9E9-334F27EDFC25}
	EndGlobalSection
EndGlobal
