
Microsoft Visual Studio Solution File, Format Version 12.00
# Visual Studio Version 17
VisualStudioVersion = 17.5.33627.172
MinimumVisualStudioVersion = 10.0.40219.1
Project("{2150E333-8FDC-42A3-9474-1A3956D46DE8}") = "06", "06", "{515811CA-95C8-4381-A5C7-DDA404C54001}"
EndProject
Project("{2150E333-8FDC-42A3-9474-1A3956D46DE8}") = "07泛型委托多线程", "07泛型委托多线程", "{92F649A3-C6EC-48A3-B682-C2F18239020E}"
EndProject
Project("{9A19103F-16F7-4668-BE54-9A1E7A4F7556}") = "EventDemo", "EventDemo\EventDemo.csproj", "{E286DB57-EC67-46BA-98EA-CC9892BC55DA}"
EndProject
Project("{9A19103F-16F7-4668-BE54-9A1E7A4F7556}") = "EventDemo02", "EventDemo02\EventDemo02.csproj", "{596C7EDF-B827-406E-84A8-06F7DC5889F7}"
EndProject
Project("{9A19103F-16F7-4668-BE54-9A1E7A4F7556}") = "DelegateDemo", "DelegateDemo\DelegateDemo.csproj", "{7160F362-BB78-4DEA-884C-9ECE4F95B2DB}"
EndProject
Project("{9A19103F-16F7-4668-BE54-9A1E7A4F7556}") = "DelegateDemo02", "DelegateDemo02\DelegateDemo02.csproj", "{78A17331-BD26-4286-B3AB-272F612D85A2}"
EndProject
Project("{9A19103F-16F7-4668-BE54-9A1E7A4F7556}") = "DelegateDemo03", "DelegateDemo03\DelegateDemo03.csproj", "{57B2A70B-4EC1-4CF1-B25E-63B707D8B5D4}"
EndProject
Project("{9A19103F-16F7-4668-BE54-9A1E7A4F7556}") = "GenericDemo", "GenericDemo\GenericDemo.csproj", "{DC1C9B69-48AF-45E7-8BBD-F57C817A5F11}"
EndProject
Project("{9A19103F-16F7-4668-BE54-9A1E7A4F7556}") = "GenericDelegateDemo", "GenericDelegateDemo\GenericDelegateDemo.csproj", "{2DD2B99B-C6D6-45E0-AEFA-A740F6C12523}"
EndProject
Project("{2150E333-8FDC-42A3-9474-1A3956D46DE8}") = "01 C#基础", "01 C#基础", "{90B0C403-0530-49A5-ACBD-E37F99BAF4EB}"
EndProject
Project("{2150E333-8FDC-42A3-9474-1A3956D46DE8}") = "1Windows窗体与事件驱动", "1Windows窗体与事件驱动", "{BCFFF261-A920-4BE9-B797-813537BE232F}"
EndProject
Project("{9A19103F-16F7-4668-BE54-9A1E7A4F7556}") = "EventDriver", "EventDriver\EventDriver.csproj", "{17401F1F-CC42-4D18-9EB7-5AA11D649811}"
EndProject
Project("{2150E333-8FDC-42A3-9474-1A3956D46DE8}") = "Solution Items", "Solution Items", "{B1C30CCB-2601-4535-A88B-983B40417BB2}"
	ProjectSection(SolutionItems) = preProject
		.editorconfig = .editorconfig
	EndProjectSection
EndProject
Project("{2150E333-8FDC-42A3-9474-1A3956D46DE8}") = "2上位机中的IO文件操作", "2上位机中的IO文件操作", "{B29FAE13-9E77-4C9B-94AB-31E2C3E7DE94}"
EndProject
Project("{9A19103F-16F7-4668-BE54-9A1E7A4F7556}") = "TextFile", "TextFile\TextFile.csproj", "{669C5151-B906-4E7A-99B4-B29EE69DDEB7}"
EndProject
Project("{FAE04EC0-301F-11D3-BF4B-00C04F79EFBC}") = "XMLDemo", "XMLDemo\XMLDemo.csproj", "{A935DB33-D26B-4ED5-B369-AE827F213796}"
EndProject
Global
	GlobalSection(SolutionConfigurationPlatforms) = preSolution
		Debug|Any CPU = Debug|Any CPU
		Release|Any CPU = Release|Any CPU
	EndGlobalSection
	GlobalSection(ProjectConfigurationPlatforms) = postSolution
		{E286DB57-EC67-46BA-98EA-CC9892BC55DA}.Debug|Any CPU.ActiveCfg = Debug|Any CPU
		{E286DB57-EC67-46BA-98EA-CC9892BC55DA}.Debug|Any CPU.Build.0 = Debug|Any CPU
		{E286DB57-EC67-46BA-98EA-CC9892BC55DA}.Release|Any CPU.ActiveCfg = Release|Any CPU
		{E286DB57-EC67-46BA-98EA-CC9892BC55DA}.Release|Any CPU.Build.0 = Release|Any CPU
		{596C7EDF-B827-406E-84A8-06F7DC5889F7}.Debug|Any CPU.ActiveCfg = Debug|Any CPU
		{596C7EDF-B827-406E-84A8-06F7DC5889F7}.Debug|Any CPU.Build.0 = Debug|Any CPU
		{596C7EDF-B827-406E-84A8-06F7DC5889F7}.Release|Any CPU.ActiveCfg = Release|Any CPU
		{596C7EDF-B827-406E-84A8-06F7DC5889F7}.Release|Any CPU.Build.0 = Release|Any CPU
		{7160F362-BB78-4DEA-884C-9ECE4F95B2DB}.Debug|Any CPU.ActiveCfg = Debug|Any CPU
		{7160F362-BB78-4DEA-884C-9ECE4F95B2DB}.Debug|Any CPU.Build.0 = Debug|Any CPU
		{7160F362-BB78-4DEA-884C-9ECE4F95B2DB}.Release|Any CPU.ActiveCfg = Release|Any CPU
		{7160F362-BB78-4DEA-884C-9ECE4F95B2DB}.Release|Any CPU.Build.0 = Release|Any CPU
		{78A17331-BD26-4286-B3AB-272F612D85A2}.Debug|Any CPU.ActiveCfg = Debug|Any CPU
		{78A17331-BD26-4286-B3AB-272F612D85A2}.Debug|Any CPU.Build.0 = Debug|Any CPU
		{78A17331-BD26-4286-B3AB-272F612D85A2}.Release|Any CPU.ActiveCfg = Release|Any CPU
		{78A17331-BD26-4286-B3AB-272F612D85A2}.Release|Any CPU.Build.0 = Release|Any CPU
		{57B2A70B-4EC1-4CF1-B25E-63B707D8B5D4}.Debug|Any CPU.ActiveCfg = Debug|Any CPU
		{57B2A70B-4EC1-4CF1-B25E-63B707D8B5D4}.Debug|Any CPU.Build.0 = Debug|Any CPU
		{57B2A70B-4EC1-4CF1-B25E-63B707D8B5D4}.Release|Any CPU.ActiveCfg = Release|Any CPU
		{57B2A70B-4EC1-4CF1-B25E-63B707D8B5D4}.Release|Any CPU.Build.0 = Release|Any CPU
		{DC1C9B69-48AF-45E7-8BBD-F57C817A5F11}.Debug|Any CPU.ActiveCfg = Debug|Any CPU
		{DC1C9B69-48AF-45E7-8BBD-F57C817A5F11}.Debug|Any CPU.Build.0 = Debug|Any CPU
		{DC1C9B69-48AF-45E7-8BBD-F57C817A5F11}.Release|Any CPU.ActiveCfg = Release|Any CPU
		{DC1C9B69-48AF-45E7-8BBD-F57C817A5F11}.Release|Any CPU.Build.0 = Release|Any CPU
		{2DD2B99B-C6D6-45E0-AEFA-A740F6C12523}.Debug|Any CPU.ActiveCfg = Debug|Any CPU
		{2DD2B99B-C6D6-45E0-AEFA-A740F6C12523}.Debug|Any CPU.Build.0 = Debug|Any CPU
		{2DD2B99B-C6D6-45E0-AEFA-A740F6C12523}.Release|Any CPU.ActiveCfg = Release|Any CPU
		{2DD2B99B-C6D6-45E0-AEFA-A740F6C12523}.Release|Any CPU.Build.0 = Release|Any CPU
		{17401F1F-CC42-4D18-9EB7-5AA11D649811}.Debug|Any CPU.ActiveCfg = Debug|Any CPU
		{17401F1F-CC42-4D18-9EB7-5AA11D649811}.Debug|Any CPU.Build.0 = Debug|Any CPU
		{17401F1F-CC42-4D18-9EB7-5AA11D649811}.Release|Any CPU.ActiveCfg = Release|Any CPU
		{17401F1F-CC42-4D18-9EB7-5AA11D649811}.Release|Any CPU.Build.0 = Release|Any CPU
		{669C5151-B906-4E7A-99B4-B29EE69DDEB7}.Debug|Any CPU.ActiveCfg = Debug|Any CPU
		{669C5151-B906-4E7A-99B4-B29EE69DDEB7}.Debug|Any CPU.Build.0 = Debug|Any CPU
		{669C5151-B906-4E7A-99B4-B29EE69DDEB7}.Release|Any CPU.ActiveCfg = Release|Any CPU
		{669C5151-B906-4E7A-99B4-B29EE69DDEB7}.Release|Any CPU.Build.0 = Release|Any CPU
		{A935DB33-D26B-4ED5-B369-AE827F213796}.Debug|Any CPU.ActiveCfg = Debug|Any CPU
		{A935DB33-D26B-4ED5-B369-AE827F213796}.Debug|Any CPU.Build.0 = Debug|Any CPU
		{A935DB33-D26B-4ED5-B369-AE827F213796}.Release|Any CPU.ActiveCfg = Release|Any CPU
		{A935DB33-D26B-4ED5-B369-AE827F213796}.Release|Any CPU.Build.0 = Release|Any CPU
	EndGlobalSection
	GlobalSection(SolutionProperties) = preSolution
		HideSolutionNode = FALSE
	EndGlobalSection
	GlobalSection(NestedProjects) = preSolution
		{E286DB57-EC67-46BA-98EA-CC9892BC55DA} = {92F649A3-C6EC-48A3-B682-C2F18239020E}
		{596C7EDF-B827-406E-84A8-06F7DC5889F7} = {92F649A3-C6EC-48A3-B682-C2F18239020E}
		{7160F362-BB78-4DEA-884C-9ECE4F95B2DB} = {92F649A3-C6EC-48A3-B682-C2F18239020E}
		{78A17331-BD26-4286-B3AB-272F612D85A2} = {92F649A3-C6EC-48A3-B682-C2F18239020E}
		{57B2A70B-4EC1-4CF1-B25E-63B707D8B5D4} = {92F649A3-C6EC-48A3-B682-C2F18239020E}
		{DC1C9B69-48AF-45E7-8BBD-F57C817A5F11} = {92F649A3-C6EC-48A3-B682-C2F18239020E}
		{2DD2B99B-C6D6-45E0-AEFA-A740F6C12523} = {92F649A3-C6EC-48A3-B682-C2F18239020E}
		{BCFFF261-A920-4BE9-B797-813537BE232F} = {90B0C403-0530-49A5-ACBD-E37F99BAF4EB}
		{17401F1F-CC42-4D18-9EB7-5AA11D649811} = {BCFFF261-A920-4BE9-B797-813537BE232F}
		{B29FAE13-9E77-4C9B-94AB-31E2C3E7DE94} = {90B0C403-0530-49A5-ACBD-E37F99BAF4EB}
		{669C5151-B906-4E7A-99B4-B29EE69DDEB7} = {B29FAE13-9E77-4C9B-94AB-31E2C3E7DE94}
		{A935DB33-D26B-4ED5-B369-AE827F213796} = {B29FAE13-9E77-4C9B-94AB-31E2C3E7DE94}
	EndGlobalSection
	GlobalSection(ExtensibilityGlobals) = postSolution
		SolutionGuid = {BC262943-C1C0-43C8-88A3-8F324635C5B7}
	EndGlobalSection
EndGlobal
