
Microsoft Visual Studio Solution File, Format Version 12.00
# Visual Studio Version 17
VisualStudioVersion = 17.8.34330.188
MinimumVisualStudioVersion = 10.0.40219.1
Project("{9A19103F-16F7-4668-BE54-9A1E7A4F7556}") = "ExplicitAndImplicitDemo", "ExplicitAndImplicitDemo\ExplicitAndImplicitDemo.csproj", "{CAC069A2-E4D1-45E2-9ED8-E1BAE784FAF8}"
EndProject
Project("{FAE04EC0-301F-11D3-BF4B-00C04F79EFBC}") = "GlobalizationLocalizationDemo", "GlobalizationLocalizationDemo\GlobalizationLocalizationDemo.csproj", "{B2EFE41A-DC47-4135-838D-4AD501108B18}"
EndProject
Global
	GlobalSection(SolutionConfigurationPlatforms) = preSolution
		Debug|Any CPU = Debug|Any CPU
		Release|Any CPU = Release|Any CPU
	EndGlobalSection
	GlobalSection(ProjectConfigurationPlatforms) = postSolution
		{CAC069A2-E4D1-45E2-9ED8-E1BAE784FAF8}.Debug|Any CPU.ActiveCfg = Debug|Any CPU
		{CAC069A2-E4D1-45E2-9ED8-E1BAE784FAF8}.Debug|Any CPU.Build.0 = Debug|Any CPU
		{CAC069A2-E4D1-45E2-9ED8-E1BAE784FAF8}.Release|Any CPU.ActiveCfg = Release|Any CPU
		{CAC069A2-E4D1-45E2-9ED8-E1BAE784FAF8}.Release|Any CPU.Build.0 = Release|Any CPU
		{B2EFE41A-DC47-4135-838D-4AD501108B18}.Debug|Any CPU.ActiveCfg = Debug|Any CPU
		{B2EFE41A-DC47-4135-838D-4AD501108B18}.Debug|Any CPU.Build.0 = Debug|Any CPU
		{B2EFE41A-DC47-4135-838D-4AD501108B18}.Release|Any CPU.ActiveCfg = Release|Any CPU
		{B2EFE41A-DC47-4135-838D-4AD501108B18}.Release|Any CPU.Build.0 = Release|Any CPU
	EndGlobalSection
	GlobalSection(SolutionProperties) = preSolution
		HideSolutionNode = FALSE
	EndGlobalSection
	GlobalSection(ExtensibilityGlobals) = postSolution
		SolutionGuid = {46A6DCA4-BD22-4779-9577-74ADDF3989A8}
	EndGlobalSection
EndGlobal
