
Microsoft Visual Studio Solution File, Format Version 12.00
# Visual Studio Version 17
VisualStudioVersion = 17.8.34525.116
MinimumVisualStudioVersion = 10.0.40219.1
Project("{2150E333-8FDC-42A3-9474-1A3956D46DE8}") = "CQRS", "CQRS", "{B4D465C8-F487-48BC-B15E-4F5444699C8E}"
EndProject
Project("{2150E333-8FDC-42A3-9474-1A3956D46DE8}") = "CQRS_MediatR", "CQRS_MediatR", "{833241D6-EB69-40E4-84DF-5EE43E5F742C}"
EndProject
Project("{2150E333-8FDC-42A3-9474-1A3956D46DE8}") = "EventBus_DotNETCAP", "EventBus_DotNETCAP", "{130F7347-BCBC-44E0-88A7-FD782C1B102A}"
EndProject
Project("{2150E333-8FDC-42A3-9474-1A3956D46DE8}") = "Request_Response", "Request_Response", "{FC0CD9C7-5F02-4EC8-854A-4A3806119388}"
EndProject
Project("{FAE04EC0-301F-11D3-BF4B-00C04F79EFBC}") = "CQRS.Core", "CQRS.Core\CQRS.Core.csproj", "{12254DE0-093B-490E-8514-77627C6D5D1B}"
EndProject
Project("{FAE04EC0-301F-11D3-BF4B-00C04F79EFBC}") = "CQRS.API", "CQRS.API\CQRS.API.csproj", "{86544B6F-2235-452D-BDA1-50A1FE1D44EF}"
EndProject
Project("{FAE04EC0-301F-11D3-BF4B-00C04F79EFBC}") = "CQRS.MediatR.API", "CQRS.MediatR.API\CQRS.MediatR.API.csproj", "{EFC9C779-F15E-4556-961B-E33CEE66900F}"
EndProject
Project("{FAE04EC0-301F-11D3-BF4B-00C04F79EFBC}") = "CQRS.MediatR.Core", "CQRS.MediatR.Core\CQRS.MediatR.Core.csproj", "{CEF6EE04-A0BE-4B97-BE2A-1F3472F11242}"
EndProject
Project("{FAE04EC0-301F-11D3-BF4B-00C04F79EFBC}") = "RequestResponse.API", "RequestResponse.API\RequestResponse.API.csproj", "{066D975F-838C-40DD-927F-971965CF0FC3}"
EndProject
Project("{FAE04EC0-301F-11D3-BF4B-00C04F79EFBC}") = "DotNETCAP.API", "DotNETCAP.API\DotNETCAP.API.csproj", "{59B89B19-C23C-4000-9B0D-29142512DA07}"
EndProject
Project("{FAE04EC0-301F-11D3-BF4B-00C04F79EFBC}") = "DotNETCAP.Core", "DotNETCAP.Core\DotNETCAP.Core.csproj", "{60F5023F-4D5A-4991-8F81-0BC0AF88BE50}"
EndProject
Global
	GlobalSection(SolutionConfigurationPlatforms) = preSolution
		Debug|Any CPU = Debug|Any CPU
		Release|Any CPU = Release|Any CPU
	EndGlobalSection
	GlobalSection(ProjectConfigurationPlatforms) = postSolution
		{12254DE0-093B-490E-8514-77627C6D5D1B}.Debug|Any CPU.ActiveCfg = Debug|Any CPU
		{12254DE0-093B-490E-8514-77627C6D5D1B}.Debug|Any CPU.Build.0 = Debug|Any CPU
		{12254DE0-093B-490E-8514-77627C6D5D1B}.Release|Any CPU.ActiveCfg = Release|Any CPU
		{12254DE0-093B-490E-8514-77627C6D5D1B}.Release|Any CPU.Build.0 = Release|Any CPU
		{86544B6F-2235-452D-BDA1-50A1FE1D44EF}.Debug|Any CPU.ActiveCfg = Debug|Any CPU
		{86544B6F-2235-452D-BDA1-50A1FE1D44EF}.Debug|Any CPU.Build.0 = Debug|Any CPU
		{86544B6F-2235-452D-BDA1-50A1FE1D44EF}.Release|Any CPU.ActiveCfg = Release|Any CPU
		{86544B6F-2235-452D-BDA1-50A1FE1D44EF}.Release|Any CPU.Build.0 = Release|Any CPU
		{EFC9C779-F15E-4556-961B-E33CEE66900F}.Debug|Any CPU.ActiveCfg = Debug|Any CPU
		{EFC9C779-F15E-4556-961B-E33CEE66900F}.Debug|Any CPU.Build.0 = Debug|Any CPU
		{EFC9C779-F15E-4556-961B-E33CEE66900F}.Release|Any CPU.ActiveCfg = Release|Any CPU
		{EFC9C779-F15E-4556-961B-E33CEE66900F}.Release|Any CPU.Build.0 = Release|Any CPU
		{CEF6EE04-A0BE-4B97-BE2A-1F3472F11242}.Debug|Any CPU.ActiveCfg = Debug|Any CPU
		{CEF6EE04-A0BE-4B97-BE2A-1F3472F11242}.Debug|Any CPU.Build.0 = Debug|Any CPU
		{CEF6EE04-A0BE-4B97-BE2A-1F3472F11242}.Release|Any CPU.ActiveCfg = Release|Any CPU
		{CEF6EE04-A0BE-4B97-BE2A-1F3472F11242}.Release|Any CPU.Build.0 = Release|Any CPU
		{066D975F-838C-40DD-927F-971965CF0FC3}.Debug|Any CPU.ActiveCfg = Debug|Any CPU
		{066D975F-838C-40DD-927F-971965CF0FC3}.Debug|Any CPU.Build.0 = Debug|Any CPU
		{066D975F-838C-40DD-927F-971965CF0FC3}.Release|Any CPU.ActiveCfg = Release|Any CPU
		{066D975F-838C-40DD-927F-971965CF0FC3}.Release|Any CPU.Build.0 = Release|Any CPU
		{59B89B19-C23C-4000-9B0D-29142512DA07}.Debug|Any CPU.ActiveCfg = Debug|Any CPU
		{59B89B19-C23C-4000-9B0D-29142512DA07}.Debug|Any CPU.Build.0 = Debug|Any CPU
		{59B89B19-C23C-4000-9B0D-29142512DA07}.Release|Any CPU.ActiveCfg = Release|Any CPU
		{59B89B19-C23C-4000-9B0D-29142512DA07}.Release|Any CPU.Build.0 = Release|Any CPU
		{60F5023F-4D5A-4991-8F81-0BC0AF88BE50}.Debug|Any CPU.ActiveCfg = Debug|Any CPU
		{60F5023F-4D5A-4991-8F81-0BC0AF88BE50}.Debug|Any CPU.Build.0 = Debug|Any CPU
		{60F5023F-4D5A-4991-8F81-0BC0AF88BE50}.Release|Any CPU.ActiveCfg = Release|Any CPU
		{60F5023F-4D5A-4991-8F81-0BC0AF88BE50}.Release|Any CPU.Build.0 = Release|Any CPU
	EndGlobalSection
	GlobalSection(SolutionProperties) = preSolution
		HideSolutionNode = FALSE
	EndGlobalSection
	GlobalSection(NestedProjects) = preSolution
		{12254DE0-093B-490E-8514-77627C6D5D1B} = {B4D465C8-F487-48BC-B15E-4F5444699C8E}
		{86544B6F-2235-452D-BDA1-50A1FE1D44EF} = {B4D465C8-F487-48BC-B15E-4F5444699C8E}
		{EFC9C779-F15E-4556-961B-E33CEE66900F} = {833241D6-EB69-40E4-84DF-5EE43E5F742C}
		{CEF6EE04-A0BE-4B97-BE2A-1F3472F11242} = {833241D6-EB69-40E4-84DF-5EE43E5F742C}
		{066D975F-838C-40DD-927F-971965CF0FC3} = {FC0CD9C7-5F02-4EC8-854A-4A3806119388}
		{59B89B19-C23C-4000-9B0D-29142512DA07} = {130F7347-BCBC-44E0-88A7-FD782C1B102A}
		{60F5023F-4D5A-4991-8F81-0BC0AF88BE50} = {130F7347-BCBC-44E0-88A7-FD782C1B102A}
	EndGlobalSection
	GlobalSection(ExtensibilityGlobals) = postSolution
		SolutionGuid = {853BEB75-91B0-4903-8A4D-756646B6831B}
	EndGlobalSection
EndGlobal
